
Microsoft Visual Studio Solution File, Format Version 12.00
# Visual Studio 15
VisualStudioVersion = 15.0.27130.2020
MinimumVisualStudioVersion = 10.0.40219.1
Project("{FAE04EC0-301F-11D3-BF4B-00C04F79EFBC}") = "BankAccount_InheritanceAndPolymorphism", "BankAccount_InheritanceAndPolymorphism\BankAccount_InheritanceAndPolymorphism.csproj", "{56E047C9-1167-41C1-9BC6-AD860767C6A5}"
EndProject
Global
	GlobalSection(SolutionConfigurationPlatforms) = preSolution
		Debug|Any CPU = Debug|Any CPU
		Release|Any CPU = Release|Any CPU
	EndGlobalSection
	GlobalSection(ProjectConfigurationPlatforms) = postSolution
		{56E047C9-1167-41C1-9BC6-AD860767C6A5}.Debug|Any CPU.ActiveCfg = Debug|Any CPU
		{56E047C9-1167-41C1-9BC6-AD860767C6A5}.Debug|Any CPU.Build.0 = Debug|Any CPU
		{56E047C9-1167-41C1-9BC6-AD860767C6A5}.Release|Any CPU.ActiveCfg = Release|Any CPU
		{56E047C9-1167-41C1-9BC6-AD860767C6A5}.Release|Any CPU.Build.0 = Release|Any CPU
	EndGlobalSection
	GlobalSection(SolutionProperties) = preSolution
		HideSolutionNode = FALSE
	EndGlobalSection
	GlobalSection(ExtensibilityGlobals) = postSolution
		SolutionGuid = {57901370-5741-4B19-9754-782A807FF099}
	EndGlobalSection
EndGlobal
